// !$*UTF8*$!
{
	archiveVersion = 1;
	classes = {
	};
	objectVersion = 46;
	objects = {

/* Begin PBXBuildFile section */
		DB8310DE190B5C81003CA450 /* Foundation.framework in Frameworks */ = {isa = PBXBuildFile; fileRef = DB8310DD190B5C81003CA450 /* Foundation.framework */; };
		DB8310E0190B5C81003CA450 /* CoreGraphics.framework in Frameworks */ = {isa = PBXBuildFile; fileRef = DB8310DF190B5C81003CA450 /* CoreGraphics.framework */; };
		DB8310E2190B5C81003CA450 /* UIKit.framework in Frameworks */ = {isa = PBXBuildFile; fileRef = DB8310E1190B5C81003CA450 /* UIKit.framework */; };
		DB8310E8190B5C81003CA450 /* InfoPlist.strings in Resources */ = {isa = PBXBuildFile; fileRef = DB8310E6190B5C81003CA450 /* InfoPlist.strings */; };
		DB8310EA190B5C81003CA450 /* main.m in Sources */ = {isa = PBXBuildFile; fileRef = DB8310E9190B5C81003CA450 /* main.m */; };
		DB8310EE190B5C81003CA450 /* TJLAppDelegate.m in Sources */ = {isa = PBXBuildFile; fileRef = DB8310ED190B5C81003CA450 /* TJLAppDelegate.m */; };
		DB8310F1190B5C81003CA450 /* Main.storyboard in Resources */ = {isa = PBXBuildFile; fileRef = DB8310EF190B5C81003CA450 /* Main.storyboard */; };
		DB8310F4190B5C81003CA450 /* TJLViewController.m in Sources */ = {isa = PBXBuildFile; fileRef = DB8310F3190B5C81003CA450 /* TJLViewController.m */; };
		DB8310F6190B5C81003CA450 /* Images.xcassets in Resources */ = {isa = PBXBuildFile; fileRef = DB8310F5190B5C81003CA450 /* Images.xcassets */; };
		DB8310FD190B5C81003CA450 /* XCTest.framework in Frameworks */ = {isa = PBXBuildFile; fileRef = DB8310FC190B5C81003CA450 /* XCTest.framework */; };
		DB8310FE190B5C81003CA450 /* Foundation.framework in Frameworks */ = {isa = PBXBuildFile; fileRef = DB8310DD190B5C81003CA450 /* Foundation.framework */; };
		DB8310FF190B5C81003CA450 /* UIKit.framework in Frameworks */ = {isa = PBXBuildFile; fileRef = DB8310E1190B5C81003CA450 /* UIKit.framework */; };
		DB831107190B5C81003CA450 /* InfoPlist.strings in Resources */ = {isa = PBXBuildFile; fileRef = DB831105190B5C81003CA450 /* InfoPlist.strings */; };
		DB831109190B5C81003CA450 /* TJLListComprehensionTests.m in Sources */ = {isa = PBXBuildFile; fileRef = DB831108190B5C81003CA450 /* TJLListComprehensionTests.m */; };
		DB831114190B5C98003CA450 /* TJLListComprehension.m in Sources */ = {isa = PBXBuildFile; fileRef = DB831113190B5C98003CA450 /* TJLListComprehension.m */; };
/* End PBXBuildFile section */

/* Begin PBXContainerItemProxy section */
		DB831100190B5C81003CA450 /* PBXContainerItemProxy */ = {
			isa = PBXContainerItemProxy;
			containerPortal = DB8310D2190B5C81003CA450 /* Project object */;
			proxyType = 1;
			remoteGlobalIDString = DB8310D9190B5C81003CA450;
			remoteInfo = TJLListComprehension;
		};
/* End PBXContainerItemProxy section */

/* Begin PBXFileReference section */
		DB8310DA190B5C81003CA450 /* TJLListComprehension.app */ = {isa = PBXFileReference; explicitFileType = wrapper.application; includeInIndex = 0; path = TJLListComprehension.app; sourceTree = BUILT_PRODUCTS_DIR; };
		DB8310DD190B5C81003CA450 /* Foundation.framework */ = {isa = PBXFileReference; lastKnownFileType = wrapper.framework; name = Foundation.framework; path = System/Library/Frameworks/Foundation.framework; sourceTree = SDKROOT; };
		DB8310DF190B5C81003CA450 /* CoreGraphics.framework */ = {isa = PBXFileReference; lastKnownFileType = wrapper.framework; name = CoreGraphics.framework; path = System/Library/Frameworks/CoreGraphics.framework; sourceTree = SDKROOT; };
		DB8310E1190B5C81003CA450 /* UIKit.framework */ = {isa = PBXFileReference; lastKnownFileType = wrapper.framework; name = UIKit.framework; path = System/Library/Frameworks/UIKit.framework; sourceTree = SDKROOT; };
		DB8310E5190B5C81003CA450 /* TJLListComprehension-Info.plist */ = {isa = PBXFileReference; lastKnownFileType = text.plist.xml; path = "TJLListComprehension-Info.plist"; sourceTree = "<group>"; };
		DB8310E7190B5C81003CA450 /* en */ = {isa = PBXFileReference; lastKnownFileType = text.plist.strings; name = en; path = en.lproj/InfoPlist.strings; sourceTree = "<group>"; };
		DB8310E9190B5C81003CA450 /* main.m */ = {isa = PBXFileReference; lastKnownFileType = sourcecode.c.objc; path = main.m; sourceTree = "<group>"; };
		DB8310EB190B5C81003CA450 /* TJLListComprehension-Prefix.pch */ = {isa = PBXFileReference; lastKnownFileType = sourcecode.c.h; path = "TJLListComprehension-Prefix.pch"; sourceTree = "<group>"; };
		DB8310EC190B5C81003CA450 /* TJLAppDelegate.h */ = {isa = PBXFileReference; lastKnownFileType = sourcecode.c.h; path = TJLAppDelegate.h; sourceTree = "<group>"; };
		DB8310ED190B5C81003CA450 /* TJLAppDelegate.m */ = {isa = PBXFileReference; lastKnownFileType = sourcecode.c.objc; path = TJLAppDelegate.m; sourceTree = "<group>"; };
		DB8310F0190B5C81003CA450 /* Base */ = {isa = PBXFileReference; lastKnownFileType = file.storyboard; name = Base; path = Base.lproj/Main.storyboard; sourceTree = "<group>"; };
		DB8310F2190B5C81003CA450 /* TJLViewController.h */ = {isa = PBXFileReference; lastKnownFileType = sourcecode.c.h; path = TJLViewController.h; sourceTree = "<group>"; };
		DB8310F3190B5C81003CA450 /* TJLViewController.m */ = {isa = PBXFileReference; lastKnownFileType = sourcecode.c.objc; path = TJLViewController.m; sourceTree = "<group>"; };
		DB8310F5190B5C81003CA450 /* Images.xcassets */ = {isa = PBXFileReference; lastKnownFileType = folder.assetcatalog; path = Images.xcassets; sourceTree = "<group>"; };
		DB8310FB190B5C81003CA450 /* TJLListComprehensionTests.xctest */ = {isa = PBXFileReference; explicitFileType = wrapper.cfbundle; includeInIndex = 0; path = TJLListComprehensionTests.xctest; sourceTree = BUILT_PRODUCTS_DIR; };
		DB8310FC190B5C81003CA450 /* XCTest.framework */ = {isa = PBXFileReference; lastKnownFileType = wrapper.framework; name = XCTest.framework; path = Library/Frameworks/XCTest.framework; sourceTree = DEVELOPER_DIR; };
		DB831104190B5C81003CA450 /* TJLListComprehensionTests-Info.plist */ = {isa = PBXFileReference; lastKnownFileType = text.plist.xml; path = "TJLListComprehensionTests-Info.plist"; sourceTree = "<group>"; };
		DB831106190B5C81003CA450 /* en */ = {isa = PBXFileReference; lastKnownFileType = text.plist.strings; name = en; path = en.lproj/InfoPlist.strings; sourceTree = "<group>"; };
		DB831108190B5C81003CA450 /* TJLListComprehensionTests.m */ = {isa = PBXFileReference; lastKnownFileType = sourcecode.c.objc; path = TJLListComprehensionTests.m; sourceTree = "<group>"; };
		DB831112190B5C98003CA450 /* TJLListComprehension.h */ = {isa = PBXFileReference; fileEncoding = 4; lastKnownFileType = sourcecode.c.h; name = TJLListComprehension.h; path = Source/TJLListComprehension.h; sourceTree = "<group>"; };
		DB831113190B5C98003CA450 /* TJLListComprehension.m */ = {isa = PBXFileReference; fileEncoding = 4; lastKnownFileType = sourcecode.c.objc; name = TJLListComprehension.m; path = Source/TJLListComprehension.m; sourceTree = "<group>"; };
/* End PBXFileReference section */

/* Begin PBXFrameworksBuildPhase section */
		DB8310D7190B5C81003CA450 /* Frameworks */ = {
			isa = PBXFrameworksBuildPhase;
			buildActionMask = 2147483647;
			files = (
				DB8310E0190B5C81003CA450 /* CoreGraphics.framework in Frameworks */,
				DB8310E2190B5C81003CA450 /* UIKit.framework in Frameworks */,
				DB8310DE190B5C81003CA450 /* Foundation.framework in Frameworks */,
			);
			runOnlyForDeploymentPostprocessing = 0;
		};
		DB8310F8190B5C81003CA450 /* Frameworks */ = {
			isa = PBXFrameworksBuildPhase;
			buildActionMask = 2147483647;
			files = (
				DB8310FD190B5C81003CA450 /* XCTest.framework in Frameworks */,
				DB8310FF190B5C81003CA450 /* UIKit.framework in Frameworks */,
				DB8310FE190B5C81003CA450 /* Foundation.framework in Frameworks */,
			);
			runOnlyForDeploymentPostprocessing = 0;
		};
/* End PBXFrameworksBuildPhase section */

/* Begin PBXGroup section */
		DB8310D1190B5C81003CA450 = {
			isa = PBXGroup;
			children = (
				DB8310E3190B5C81003CA450 /* TJLListComprehension */,
				DB831102190B5C81003CA450 /* TJLListComprehensionTests */,
				DB8310DC190B5C81003CA450 /* Frameworks */,
				DB8310DB190B5C81003CA450 /* Products */,
			);
			sourceTree = "<group>";
		};
		DB8310DB190B5C81003CA450 /* Products */ = {
			isa = PBXGroup;
			children = (
				DB8310DA190B5C81003CA450 /* TJLListComprehension.app */,
				DB8310FB190B5C81003CA450 /* TJLListComprehensionTests.xctest */,
			);
			name = Products;
			sourceTree = "<group>";
		};
		DB8310DC190B5C81003CA450 /* Frameworks */ = {
			isa = PBXGroup;
			children = (
				DB8310DD190B5C81003CA450 /* Foundation.framework */,
				DB8310DF190B5C81003CA450 /* CoreGraphics.framework */,
				DB8310E1190B5C81003CA450 /* UIKit.framework */,
				DB8310FC190B5C81003CA450 /* XCTest.framework */,
			);
			name = Frameworks;
			sourceTree = "<group>";
		};
		DB8310E3190B5C81003CA450 /* TJLListComprehension */ = {
			isa = PBXGroup;
			children = (
				DB8310EC190B5C81003CA450 /* TJLAppDelegate.h */,
				DB8310ED190B5C81003CA450 /* TJLAppDelegate.m */,
				DB8310EF190B5C81003CA450 /* Main.storyboard */,
				DB8310F2190B5C81003CA450 /* TJLViewController.h */,
				DB8310F3190B5C81003CA450 /* TJLViewController.m */,
				DB8310F5190B5C81003CA450 /* Images.xcassets */,
				DB8310E4190B5C81003CA450 /* Supporting Files */,
				DBF8038F190BFD6F00C358CD /* Source */,
			);
			path = TJLListComprehension;
			sourceTree = "<group>";
		};
		DB8310E4190B5C81003CA450 /* Supporting Files */ = {
			isa = PBXGroup;
			children = (
				DB8310E5190B5C81003CA450 /* TJLListComprehension-Info.plist */,
				DB8310E6190B5C81003CA450 /* InfoPlist.strings */,
				DB8310E9190B5C81003CA450 /* main.m */,
				DB8310EB190B5C81003CA450 /* TJLListComprehension-Prefix.pch */,
			);
			name = "Supporting Files";
			sourceTree = "<group>";
		};
		DB831102190B5C81003CA450 /* TJLListComprehensionTests */ = {
			isa = PBXGroup;
			children = (
				DB831108190B5C81003CA450 /* TJLListComprehensionTests.m */,
				DB831103190B5C81003CA450 /* Supporting Files */,
			);
			path = TJLListComprehensionTests;
			sourceTree = "<group>";
		};
		DB831103190B5C81003CA450 /* Supporting Files */ = {
			isa = PBXGroup;
			children = (
				DB831104190B5C81003CA450 /* TJLListComprehensionTests-Info.plist */,
				DB831105190B5C81003CA450 /* InfoPlist.strings */,
			);
			name = "Supporting Files";
			sourceTree = "<group>";
		};
		DBF8038F190BFD6F00C358CD /* Source */ = {
			isa = PBXGroup;
			children = (
				DB831112190B5C98003CA450 /* TJLListComprehension.h */,
				DB831113190B5C98003CA450 /* TJLListComprehension.m */,
			);
			name = Source;
			sourceTree = "<group>";
		};
/* End PBXGroup section */

/* Begin PBXNativeTarget section */
		DB8310D9190B5C81003CA450 /* TJLListComprehension */ = {
			isa = PBXNativeTarget;
			buildConfigurationList = DB83110C190B5C81003CA450 /* Build configuration list for PBXNativeTarget "TJLListComprehension" */;
			buildPhases = (
				DB8310D6190B5C81003CA450 /* Sources */,
				DB8310D7190B5C81003CA450 /* Frameworks */,
				DB8310D8190B5C81003CA450 /* Resources */,
			);
			buildRules = (
			);
			dependencies = (
			);
			name = TJLListComprehension;
			productName = TJLListComprehension;
			productReference = DB8310DA190B5C81003CA450 /* TJLListComprehension.app */;
			productType = "com.apple.product-type.application";
		};
		DB8310FA190B5C81003CA450 /* TJLListComprehensionTests */ = {
			isa = PBXNativeTarget;
			buildConfigurationList = DB83110F190B5C81003CA450 /* Build configuration list for PBXNativeTarget "TJLListComprehensionTests" */;
			buildPhases = (
				DB8310F7190B5C81003CA450 /* Sources */,
				DB8310F8190B5C81003CA450 /* Frameworks */,
				DB8310F9190B5C81003CA450 /* Resources */,
			);
			buildRules = (
			);
			dependencies = (
				DB831101190B5C81003CA450 /* PBXTargetDependency */,
			);
			name = TJLListComprehensionTests;
			productName = TJLListComprehensionTests;
			productReference = DB8310FB190B5C81003CA450 /* TJLListComprehensionTests.xctest */;
			productType = "com.apple.product-type.bundle.unit-test";
		};
/* End PBXNativeTarget section */

/* Begin PBXProject section */
		DB8310D2190B5C81003CA450 /* Project object */ = {
			isa = PBXProject;
			attributes = {
				CLASSPREFIX = TJL;
				LastUpgradeCheck = 0510;
				ORGANIZATIONNAME = "Blue Plover Productions LLC";
				TargetAttributes = {
					DB8310FA190B5C81003CA450 = {
						TestTargetID = DB8310D9190B5C81003CA450;
					};
				};
			};
			buildConfigurationList = DB8310D5190B5C81003CA450 /* Build configuration list for PBXProject "TJLListComprehension" */;
			compatibilityVersion = "Xcode 3.2";
			developmentRegion = English;
			hasScannedForEncodings = 0;
			knownRegions = (
				en,
				Base,
			);
			mainGroup = DB8310D1190B5C81003CA450;
			productRefGroup = DB8310DB190B5C81003CA450 /* Products */;
			projectDirPath = "";
			projectRoot = "";
			targets = (
				DB8310D9190B5C81003CA450 /* TJLListComprehension */,
				DB8310FA190B5C81003CA450 /* TJLListComprehensionTests */,
			);
		};
/* End PBXProject section */

/* Begin PBXResourcesBuildPhase section */
		DB8310D8190B5C81003CA450 /* Resources */ = {
			isa = PBXResourcesBuildPhase;
			buildActionMask = 2147483647;
			files = (
				DB8310F6190B5C81003CA450 /* Images.xcassets in Resources */,
				DB8310E8190B5C81003CA450 /* InfoPlist.strings in Resources */,
				DB8310F1190B5C81003CA450 /* Main.storyboard in Resources */,
			);
			runOnlyForDeploymentPostprocessing = 0;
		};
		DB8310F9190B5C81003CA450 /* Resources */ = {
			isa = PBXResourcesBuildPhase;
			buildActionMask = 2147483647;
			files = (
				DB831107190B5C81003CA450 /* InfoPlist.strings in Resources */,
			);
			runOnlyForDeploymentPostprocessing = 0;
		};
/* End PBXResourcesBuildPhase section */

/* Begin PBXSourcesBuildPhase section */
		DB8310D6190B5C81003CA450 /* Sources */ = {
			isa = PBXSourcesBuildPhase;
			buildActionMask = 2147483647;
			files = (
				DB8310F4190B5C81003CA450 /* TJLViewController.m in Sources */,
				DB831114190B5C98003CA450 /* TJLListComprehension.m in Sources */,
				DB8310EA190B5C81003CA450 /* main.m in Sources */,
				DB8310EE190B5C81003CA450 /* TJLAppDelegate.m in Sources */,
			);
			runOnlyForDeploymentPostprocessing = 0;
		};
		DB8310F7190B5C81003CA450 /* Sources */ = {
			isa = PBXSourcesBuildPhase;
			buildActionMask = 2147483647;
			files = (
				DB831109190B5C81003CA450 /* TJLListComprehensionTests.m in Sources */,
			);
			runOnlyForDeploymentPostprocessing = 0;
		};
/* End PBXSourcesBuildPhase section */

/* Begin PBXTargetDependency section */
		DB831101190B5C81003CA450 /* PBXTargetDependency */ = {
			isa = PBXTargetDependency;
			target = DB8310D9190B5C81003CA450 /* TJLListComprehension */;
			targetProxy = DB831100190B5C81003CA450 /* PBXContainerItemProxy */;
		};
/* End PBXTargetDependency section */

/* Begin PBXVariantGroup section */
		DB8310E6190B5C81003CA450 /* InfoPlist.strings */ = {
			isa = PBXVariantGroup;
			children = (
				DB8310E7190B5C81003CA450 /* en */,
			);
			name = InfoPlist.strings;
			sourceTree = "<group>";
		};
		DB8310EF190B5C81003CA450 /* Main.storyboard */ = {
			isa = PBXVariantGroup;
			children = (
				DB8310F0190B5C81003CA450 /* Base */,
			);
			name = Main.storyboard;
			sourceTree = "<group>";
		};
		DB831105190B5C81003CA450 /* InfoPlist.strings */ = {
			isa = PBXVariantGroup;
			children = (
				DB831106190B5C81003CA450 /* en */,
			);
			name = InfoPlist.strings;
			sourceTree = "<group>";
		};
/* End PBXVariantGroup section */

/* Begin XCBuildConfiguration section */
		DB83110A190B5C81003CA450 /* Debug */ = {
			isa = XCBuildConfiguration;
			buildSettings = {
				ALWAYS_SEARCH_USER_PATHS = NO;
				CLANG_CXX_LANGUAGE_STANDARD = "gnu++0x";
				CLANG_CXX_LIBRARY = "libc++";
				CLANG_ENABLE_MODULES = YES;
				CLANG_ENABLE_OBJC_ARC = YES;
				CLANG_WARN_BOOL_CONVERSION = YES;
				CLANG_WARN_CONSTANT_CONVERSION = YES;
				CLANG_WARN_DIRECT_OBJC_ISA_USAGE = YES_ERROR;
				CLANG_WARN_EMPTY_BODY = YES;
				CLANG_WARN_ENUM_CONVERSION = YES;
				CLANG_WARN_INT_CONVERSION = YES;
				CLANG_WARN_OBJC_ROOT_CLASS = YES_ERROR;
				CLANG_WARN__DUPLICATE_METHOD_MATCH = YES;
				"CODE_SIGN_IDENTITY[sdk=iphoneos*]" = "iPhone Developer";
				COPY_PHASE_STRIP = NO;
				GCC_C_LANGUAGE_STANDARD = gnu99;
				GCC_DYNAMIC_NO_PIC = NO;
				GCC_OPTIMIZATION_LEVEL = 0;
				GCC_PREPROCESSOR_DEFINITIONS = (
					"DEBUG=1",
					"$(inherited)",
				);
				GCC_SYMBOLS_PRIVATE_EXTERN = NO;
				GCC_WARN_64_TO_32_BIT_CONVERSION = YES;
				GCC_WARN_ABOUT_RETURN_TYPE = YES_ERROR;
				GCC_WARN_UNDECLARED_SELECTOR = YES;
				GCC_WARN_UNINITIALIZED_AUTOS = YES_AGGRESSIVE;
				GCC_WARN_UNUSED_FUNCTION = YES;
				GCC_WARN_UNUSED_VARIABLE = YES;
				IPHONEOS_DEPLOYMENT_TARGET = 7.1;
				ONLY_ACTIVE_ARCH = YES;
				SDKROOT = iphoneos;
			};
			name = Debug;
		};
		DB83110B190B5C81003CA450 /* Release */ = {
			isa = XCBuildConfiguration;
			buildSettings = {
				ALWAYS_SEARCH_USER_PATHS = NO;
				CLANG_CXX_LANGUAGE_STANDARD = "gnu++0x";
				CLANG_CXX_LIBRARY = "libc++";
				CLANG_ENABLE_MODULES = YES;
				CLANG_ENABLE_OBJC_ARC = YES;
				CLANG_WARN_BOOL_CONVERSION = YES;
				CLANG_WARN_CONSTANT_CONVERSION = YES;
				CLANG_WARN_DIRECT_OBJC_ISA_USAGE = YES_ERROR;
				CLANG_WARN_EMPTY_BODY = YES;
				CLANG_WARN_ENUM_CONVERSION = YES;
				CLANG_WARN_INT_CONVERSION = YES;
				CLANG_WARN_OBJC_ROOT_CLASS = YES_ERROR;
				CLANG_WARN__DUPLICATE_METHOD_MATCH = YES;
				"CODE_SIGN_IDENTITY[sdk=iphoneos*]" = "iPhone Developer";
				COPY_PHASE_STRIP = YES;
				ENABLE_NS_ASSERTIONS = NO;
				GCC_C_LANGUAGE_STANDARD = gnu99;
				GCC_WARN_64_TO_32_BIT_CONVERSION = YES;
				GCC_WARN_ABOUT_RETURN_TYPE = YES_ERROR;
				GCC_WARN_UNDECLARED_SELECTOR = YES;
				GCC_WARN_UNINITIALIZED_AUTOS = YES_AGGRESSIVE;
				GCC_WARN_UNUSED_FUNCTION = YES;
				GCC_WARN_UNUSED_VARIABLE = YES;
				IPHONEOS_DEPLOYMENT_TARGET = 7.1;
				SDKROOT = iphoneos;
				VALIDATE_PRODUCT = YES;
			};
			name = Release;
		};
		DB83110D190B5C81003CA450 /* Debug */ = {
			isa = XCBuildConfiguration;
			buildSettings = {
				ASSETCATALOG_COMPILER_APPICON_NAME = AppIcon;
				ASSETCATALOG_COMPILER_LAUNCHIMAGE_NAME = LaunchImage;
				GCC_PRECOMPILE_PREFIX_HEADER = YES;
				GCC_PREFIX_HEADER = "TJLListComprehension/TJLListComprehension-Prefix.pch";
				INFOPLIST_FILE = "TJLListComprehension/TJLListComprehension-Info.plist";
				PRODUCT_NAME = "$(TARGET_NAME)";
				WRAPPER_EXTENSION = app;
			};
			name = Debug;
		};
		DB83110E190B5C81003CA450 /* Release */ = {
			isa = XCBuildConfiguration;
			buildSettings = {
				ASSETCATALOG_COMPILER_APPICON_NAME = AppIcon;
				ASSETCATALOG_COMPILER_LAUNCHIMAGE_NAME = LaunchImage;
				GCC_PRECOMPILE_PREFIX_HEADER = YES;
				GCC_PREFIX_HEADER = "TJLListComprehension/TJLListComprehension-Prefix.pch";
				INFOPLIST_FILE = "TJLListComprehension/TJLListComprehension-Info.plist";
				PRODUCT_NAME = "$(TARGET_NAME)";
				WRAPPER_EXTENSION = app;
			};
			name = Release;
		};
		DB831110190B5C81003CA450 /* Debug */ = {
			isa = XCBuildConfiguration;
			buildSettings = {
				BUNDLE_LOADER = "$(BUILT_PRODUCTS_DIR)/TJLListComprehension.app/TJLListComprehension";
				FRAMEWORK_SEARCH_PATHS = (
					"$(SDKROOT)/Developer/Library/Frameworks",
					"$(inherited)",
					"$(DEVELOPER_FRAMEWORKS_DIR)",
				);
				GCC_PRECOMPILE_PREFIX_HEADER = YES;
				GCC_PREFIX_HEADER = "TJLListComprehension/TJLListComprehension-Prefix.pch";
				GCC_PREPROCESSOR_DEFINITIONS = (
					"DEBUG=1",
					"$(inherited)",
				);
				INFOPLIST_FILE = "TJLListComprehensionTests/TJLListComprehensionTests-Info.plist";
				PRODUCT_NAME = "$(TARGET_NAME)";
				TEST_HOST = "$(BUNDLE_LOADER)";
				WRAPPER_EXTENSION = xctest;
			};
			name = Debug;
		};
		DB831111190B5C81003CA450 /* Release */ = {
			isa = XCBuildConfiguration;
			buildSettings = {
				BUNDLE_LOADER = "$(BUILT_PRODUCTS_DIR)/TJLListComprehension.app/TJLListComprehension";
				FRAMEWORK_SEARCH_PATHS = (
					"$(SDKROOT)/Developer/Library/Frameworks",
					"$(inherited)",
					"$(DEVELOPER_FRAMEWORKS_DIR)",
				);
				GCC_PRECOMPILE_PREFIX_HEADER = YES;
				GCC_PREFIX_HEADER = "TJLListComprehension/TJLListComprehension-Prefix.pch";
				INFOPLIST_FILE = "TJLListComprehensionTests/TJLListComprehensionTests-Info.plist";
				PRODUCT_NAME = "$(TARGET_NAME)";
				TEST_HOST = "$(BUNDLE_LOADER)";
				WRAPPER_EXTENSION = xctest;
			};
			name = Release;
		};
/* End XCBuildConfiguration section */

/* Begin XCConfigurationList section */
		DB8310D5190B5C81003CA450 /* Build configuration list for PBXProject "TJLListComprehension" */ = {
			isa = XCConfigurationList;
			buildConfigurations = (
				DB83110A190B5C81003CA450 /* Debug */,
				DB83110B190B5C81003CA450 /* Release */,
			);
			defaultConfigurationIsVisible = 0;
			defaultConfigurationName = Release;
		};
		DB83110C190B5C81003CA450 /* Build configuration list for PBXNativeTarget "TJLListComprehension" */ = {
			isa = XCConfigurationList;
			buildConfigurations = (
				DB83110D190B5C81003CA450 /* Debug */,
				DB83110E190B5C81003CA450 /* Release */,
			);
			defaultConfigurationIsVisible = 0;
			defaultConfigurationName = Release;
		};
		DB83110F190B5C81003CA450 /* Build configuration list for PBXNativeTarget "TJLListComprehensionTests" */ = {
			isa = XCConfigurationList;
			buildConfigurations = (
				DB831110190B5C81003CA450 /* Debug */,
				DB831111190B5C81003CA450 /* Release */,
			);
			defaultConfigurationIsVisible = 0;
			defaultConfigurationName = Release;
		};
/* End XCConfigurationList section */
	};
	rootObject = DB8310D2190B5C81003CA450 /* Project object */;
}
